
Microsoft Visual Studio Solution File, Format Version 12.00
# Visual Studio Version 16
VisualStudioVersion = 16.0.30804.86
MinimumVisualStudioVersion = 10.0.40219.1
Project("{FAE04EC0-301F-11D3-BF4B-00C04F79EFBC}") = "내적", "내적\내적.csproj", "{802BF430-9600-49CE-835A-948B449027D5}"
EndProject
Global
	GlobalSection(SolutionConfigurationPlatforms) = preSolution
		Debug|Any CPU = Debug|Any CPU
		Release|Any CPU = Release|Any CPU
	EndGlobalSection
	GlobalSection(ProjectConfigurationPlatforms) = postSolution
		{802BF430-9600-49CE-835A-948B449027D5}.Debug|Any CPU.ActiveCfg = Debug|Any CPU
		{802BF430-9600-49CE-835A-948B449027D5}.Debug|Any CPU.Build.0 = Debug|Any CPU
		{802BF430-9600-49CE-835A-948B449027D5}.Release|Any CPU.ActiveCfg = Release|Any CPU
		{802BF430-9600-49CE-835A-948B449027D5}.Release|Any CPU.Build.0 = Release|Any CPU
	EndGlobalSection
	GlobalSection(SolutionProperties) = preSolution
		HideSolutionNode = FALSE
	EndGlobalSection
	GlobalSection(ExtensibilityGlobals) = postSolution
		SolutionGuid = {C3D0232F-5C29-47BF-A382-FE967E7740E6}
	EndGlobalSection
EndGlobal
