
Microsoft Visual Studio Solution File, Format Version 12.00
# Visual Studio Version 16
VisualStudioVersion = 16.0.30011.22
MinimumVisualStudioVersion = 10.0.40219.1
Project("{FAE04EC0-301F-11D3-BF4B-00C04F79EFBC}") = "모의고사", "모의고사\모의고사.csproj", "{140EB1FD-940C-421F-A678-1849CF4E6E67}"
EndProject
Global
	GlobalSection(SolutionConfigurationPlatforms) = preSolution
		Debug|Any CPU = Debug|Any CPU
		Release|Any CPU = Release|Any CPU
	EndGlobalSection
	GlobalSection(ProjectConfigurationPlatforms) = postSolution
		{140EB1FD-940C-421F-A678-1849CF4E6E67}.Debug|Any CPU.ActiveCfg = Debug|Any CPU
		{140EB1FD-940C-421F-A678-1849CF4E6E67}.Debug|Any CPU.Build.0 = Debug|Any CPU
		{140EB1FD-940C-421F-A678-1849CF4E6E67}.Release|Any CPU.ActiveCfg = Release|Any CPU
		{140EB1FD-940C-421F-A678-1849CF4E6E67}.Release|Any CPU.Build.0 = Release|Any CPU
	EndGlobalSection
	GlobalSection(SolutionProperties) = preSolution
		HideSolutionNode = FALSE
	EndGlobalSection
	GlobalSection(ExtensibilityGlobals) = postSolution
		SolutionGuid = {D5C4747A-7721-47C4-8CDC-F58A524C7618}
	EndGlobalSection
EndGlobal
