
Microsoft Visual Studio Solution File, Format Version 12.00
# Visual Studio Version 16
VisualStudioVersion = 16.0.30011.22
MinimumVisualStudioVersion = 10.0.40219.1
Project("{FAE04EC0-301F-11D3-BF4B-00C04F79EFBC}") = "수박수박수박수박수박수박", "수박수박수박수박수박수박\수박수박수박수박수박수박.csproj", "{121B913F-1819-4019-A944-540462802DB5}"
EndProject
Global
	GlobalSection(SolutionConfigurationPlatforms) = preSolution
		Debug|Any CPU = Debug|Any CPU
		Release|Any CPU = Release|Any CPU
	EndGlobalSection
	GlobalSection(ProjectConfigurationPlatforms) = postSolution
		{121B913F-1819-4019-A944-540462802DB5}.Debug|Any CPU.ActiveCfg = Debug|Any CPU
		{121B913F-1819-4019-A944-540462802DB5}.Debug|Any CPU.Build.0 = Debug|Any CPU
		{121B913F-1819-4019-A944-540462802DB5}.Release|Any CPU.ActiveCfg = Release|Any CPU
		{121B913F-1819-4019-A944-540462802DB5}.Release|Any CPU.Build.0 = Release|Any CPU
	EndGlobalSection
	GlobalSection(SolutionProperties) = preSolution
		HideSolutionNode = FALSE
	EndGlobalSection
	GlobalSection(ExtensibilityGlobals) = postSolution
		SolutionGuid = {2F93D18D-C1E3-4387-A473-4E7D02BB9971}
	EndGlobalSection
EndGlobal
