
Microsoft Visual Studio Solution File, Format Version 12.00
# Visual Studio Version 16
VisualStudioVersion = 16.0.30804.86
MinimumVisualStudioVersion = 10.0.40219.1
Project("{FAE04EC0-301F-11D3-BF4B-00C04F79EFBC}") = "Desc_integer", "Desc_integer\Desc_integer.csproj", "{FECCCF3F-3EEA-408A-A5DD-A1413D60BD18}"
EndProject
Global
	GlobalSection(SolutionConfigurationPlatforms) = preSolution
		Debug|Any CPU = Debug|Any CPU
		Release|Any CPU = Release|Any CPU
	EndGlobalSection
	GlobalSection(ProjectConfigurationPlatforms) = postSolution
		{FECCCF3F-3EEA-408A-A5DD-A1413D60BD18}.Debug|Any CPU.ActiveCfg = Debug|Any CPU
		{FECCCF3F-3EEA-408A-A5DD-A1413D60BD18}.Debug|Any CPU.Build.0 = Debug|Any CPU
		{FECCCF3F-3EEA-408A-A5DD-A1413D60BD18}.Release|Any CPU.ActiveCfg = Release|Any CPU
		{FECCCF3F-3EEA-408A-A5DD-A1413D60BD18}.Release|Any CPU.Build.0 = Release|Any CPU
	EndGlobalSection
	GlobalSection(SolutionProperties) = preSolution
		HideSolutionNode = FALSE
	EndGlobalSection
	GlobalSection(ExtensibilityGlobals) = postSolution
		SolutionGuid = {D755466A-1341-43B0-97C8-0D8D0C278C88}
	EndGlobalSection
EndGlobal
